
Microsoft Visual Studio Solution File, Format Version 12.00
# Visual Studio 15
VisualStudioVersion = 15.0.28010.2016
MinimumVisualStudioVersion = 10.0.40219.1
Project("{FAE04EC0-301F-11D3-BF4B-00C04F79EFBC}") = "Base32", "Base32\Base32.csproj", "{89A9E4C1-D6B2-49BC-8F9B-58AF975814CF}"
EndProject
Global
	GlobalSection(SolutionConfigurationPlatforms) = preSolution
		Debug|Any CPU = Debug|Any CPU
		Release|Any CPU = Release|Any CPU
	EndGlobalSection
	GlobalSection(ProjectConfigurationPlatforms) = postSolution
		{89A9E4C1-D6B2-49BC-8F9B-58AF975814CF}.Debug|Any CPU.ActiveCfg = Debug|Any CPU
		{89A9E4C1-D6B2-49BC-8F9B-58AF975814CF}.Debug|Any CPU.Build.0 = Debug|Any CPU
		{89A9E4C1-D6B2-49BC-8F9B-58AF975814CF}.Release|Any CPU.ActiveCfg = Release|Any CPU
		{89A9E4C1-D6B2-49BC-8F9B-58AF975814CF}.Release|Any CPU.Build.0 = Release|Any CPU
	EndGlobalSection
	GlobalSection(SolutionProperties) = preSolution
		HideSolutionNode = FALSE
	EndGlobalSection
	GlobalSection(ExtensibilityGlobals) = postSolution
		SolutionGuid = {CD900D48-43A5-408F-9645-D415FB3F8AED}
	EndGlobalSection
EndGlobal
